{
  "name": "tester",
  "version": "1.0.0",
  "lockfileVersion": 3,
  "requires": true,
  "packages": {
    "": {
      "name": "tester",
      "version": "1.0.0",
      "license": "UNLICENSED",
      "dependencies": {
        "tester": "file:"
      }
    },
    "node_modules/tester": {
      "resolved": "",
      "link": true
    }
  }
}
